
Microsoft Visual Studio Solution File, Format Version 10.00
# Visual Studio 2008
Project("{8BC9CEB8-8B4A-11D0-8D11-00A0C91BC942}") = "ProcessManager", "ProcessManager\ProcessManager.vcproj", "{A79DDAC5-A1AE-488E-B6EB-85A9A4402DA5}"
EndProject
Global
	GlobalSection(SolutionConfigurationPlatforms) = preSolution
		Debug|Win32 = Debug|Win32
		Release|Win32 = Release|Win32
	EndGlobalSection
	GlobalSection(ProjectConfigurationPlatforms) = postSolution
		{A79DDAC5-A1AE-488E-B6EB-85A9A4402DA5}.Debug|Win32.ActiveCfg = Debug|Win32
		{A79DDAC5-A1AE-488E-B6EB-85A9A4402DA5}.Debug|Win32.Build.0 = Debug|Win32
		{A79DDAC5-A1AE-488E-B6EB-85A9A4402DA5}.Release|Win32.ActiveCfg = Release|Win32
		{A79DDAC5-A1AE-488E-B6EB-85A9A4402DA5}.Release|Win32.Build.0 = Release|Win32
	EndGlobalSection
	GlobalSection(SolutionProperties) = preSolution
		HideSolutionNode = FALSE
	EndGlobalSection
EndGlobal
